<?xml version="1.0" encoding="utf-8"?>
<Project ToolsVersion="4.0" xmlns="http://schemas.microsoft.com/developer/msbuild/2003">
  <ItemGroup>
    <Filter Include="Source Files">
      <UniqueIdentifier>{4FC737F1-C7A5-4376-A066-2A32D752A2FF}</UniqueIdentifier>
      <Extensions>cpp;c;cc;cxx;def;odl;idl;hpj;bat;asm;asmx</Extensions>
    </Filter>
    <Filter Include="Header Files">
      <UniqueIdentifier>{823193c7-785b-4e07-8817-fc81e1e57747}</UniqueIdentifier>
    </Filter>
    <Filter Include="Resource Files">
      <UniqueIdentifier>{3eb26843-c744-4c72-a304-024ebec93657}</UniqueIdentifier>
    </Filter>
  </ItemGroup>
  <ItemGroup>
    <ClCompile Include="src\Main.cpp">
      <Filter>Source Files</Filter>
    </ClCompile>
    <ClCompile Include="src\io\Window.cpp">
      <Filter>Source Files</Filter>
    </ClCompile>
    <ClCompile Include="src\io\Input.cpp">
      <Filter>Source Files</Filter>
    </ClCompile>
    <ClCompile Include="src\math\vec2.cpp">
      <Filter>Source Files</Filter>
    </ClCompile>
    <ClCompile Include="src\math\vec3.cpp">
      <Filter>Source Files</Filter>
    </ClCompile>
    <ClCompile Include="src\math\vec4.cpp">
      <Filter>Source Files</Filter>
    </ClCompile>
    <ClCompile Include="src\math\mat4.cpp">
      <Filter>Source Files</Filter>
    </ClCompile>
    <ClCompile Include="src\graphics\shader.cpp">
      <Filter>Source Files</Filter>
    </ClCompile>
    <ClCompile Include="src\utils\fileutils.cpp">
      <Filter>Source Files</Filter>
    </ClCompile>
    <ClCompile Include="src\graphics\buffers\vertexBuffer.cpp">
      <Filter>Source Files</Filter>
    </ClCompile>
    <ClCompile Include="src\graphics\buffers\indexBuffer.cpp">
      <Filter>Source Files</Filter>
    </ClCompile>
    <ClCompile Include="src\graphics\buffers\vertexArray.cpp">
      <Filter>Source Files</Filter>
    </ClCompile>
    <ClCompile Include="src\graphics\sprite.cpp">
      <Filter>Source Files</Filter>
    </ClCompile>
    <ClCompile Include="src\graphics\batchRenderer2D.cpp">
      <Filter>Source Files</Filter>
    </ClCompile>
    <ClCompile Include="src\graphics\mesh.cpp">
      <Filter>Source Files</Filter>
    </ClCompile>
    <ClCompile Include="src\graphics\forwardRenderer.cpp">
      <Filter>Source Files</Filter>
    </ClCompile>
  </ItemGroup>
  <ItemGroup>
    <ClInclude Include="src\io\Window.h" />
    <ClInclude Include="src\io\Input.h" />
    <ClInclude Include="src\math\vec2.h" />
    <ClInclude Include="src\math\vec4.h" />
    <ClInclude Include="src\math\vec3.h" />
    <ClInclude Include="src\math\math.h" />
    <ClInclude Include="src\math\mat4.h" />
    <ClInclude Include="src\utils\fileutils.h" />
    <ClInclude Include="src\graphics\shader.h" />
    <ClInclude Include="src\graphics\buffers\vertexBuffer.h" />
    <ClInclude Include="src\graphics\buffers\indexBuffer.h" />
    <ClInclude Include="src\graphics\buffers\vertexArray.h" />
    <ClInclude Include="src\graphics\buffers\buffers.h" />
    <ClInclude Include="src\graphics\renderer2d.h" />
    <ClInclude Include="src\graphics\renderable2d.h" />
    <ClInclude Include="src\utils\timer.h" />
    <ClInclude Include="src\graphics\sprite.h" />
    <ClInclude Include="src\graphics\batchRenderer2D.h" />
    <ClInclude Include="src\graphics\mesh.h" />
    <ClInclude Include="src\graphics\renderer3D.h" />
    <ClInclude Include="src\graphics\forwardRenderer.h" />
  </ItemGroup>
  <ItemGroup>
    <None Include="src\graphics\shaders\basic.vert" />
    <None Include="src\graphics\shaders\basic.frag" />
  </ItemGroup>
</Project>